
Microsoft Visual Studio Solution File, Format Version 12.00
# Visual Studio 2015
Project("{FAE04EC0-301F-11D3-BF4B-00C04F79EFBC}") = "MobileProject.CSharp", "MobileProject.CSharp.csproj", "{F96BD962-BAB5-E38F-5049-F800A07DF52F}"
EndProject
Project("{FAE04EC0-301F-11D3-BF4B-00C04F79EFBC}") = "MobileProject.CSharp.Editor", "MobileProject.CSharp.Editor.csproj", "{5A99C8F6-8E44-EB65-7919-DEFC63ECEA04}"
EndProject
Global
	GlobalSection(SolutionConfigurationPlatforms) = preSolution
		Debug|Any CPU = Debug|Any CPU
		Release|Any CPU = Release|Any CPU
	EndGlobalSection
	GlobalSection(ProjectConfigurationPlatforms) = postSolution
		{F96BD962-BAB5-E38F-5049-F800A07DF52F}.Debug|Any CPU.ActiveCfg = Debug|Any CPU
		{F96BD962-BAB5-E38F-5049-F800A07DF52F}.Debug|Any CPU.Build.0 = Debug|Any CPU
		{F96BD962-BAB5-E38F-5049-F800A07DF52F}.Release|Any CPU.ActiveCfg = Release|Any CPU
		{F96BD962-BAB5-E38F-5049-F800A07DF52F}.Release|Any CPU.Build.0 = Release|Any CPU
		{5A99C8F6-8E44-EB65-7919-DEFC63ECEA04}.Debug|Any CPU.ActiveCfg = Debug|Any CPU
		{5A99C8F6-8E44-EB65-7919-DEFC63ECEA04}.Debug|Any CPU.Build.0 = Debug|Any CPU
		{5A99C8F6-8E44-EB65-7919-DEFC63ECEA04}.Release|Any CPU.ActiveCfg = Release|Any CPU
		{5A99C8F6-8E44-EB65-7919-DEFC63ECEA04}.Release|Any CPU.Build.0 = Release|Any CPU
	EndGlobalSection
	GlobalSection(SolutionProperties) = preSolution
		HideSolutionNode = FALSE
	EndGlobalSection
EndGlobal
